Microsoft Visual Studio Solution File, Format Version 12.00
# Visual Studio Version 17
VisualStudioVersion = 17.5.2.0
MinimumVisualStudioVersion = 10.0.40219.1
Project("{FAE04EC0-301F-11D3-BF4B-00C04F79EFBC}") = "WarDB", "WarDB.csproj", "{D3D5CEAF-B394-1C76-9B28-5241BFFDC9F9}"
EndProject
Global
	GlobalSection(SolutionConfigurationPlatforms) = preSolution
		Debug|Any CPU = Debug|Any CPU
		Release|Any CPU = Release|Any CPU
	EndGlobalSection
	GlobalSection(ProjectConfigurationPlatforms) = postSolution
		{D3D5CEAF-B394-1C76-9B28-5241BFFDC9F9}.Debug|Any CPU.ActiveCfg = Debug|Any CPU
		{D3D5CEAF-B394-1C76-9B28-5241BFFDC9F9}.Debug|Any CPU.Build.0 = Debug|Any CPU
		{D3D5CEAF-B394-1C76-9B28-5241BFFDC9F9}.Release|Any CPU.ActiveCfg = Release|Any CPU
		{D3D5CEAF-B394-1C76-9B28-5241BFFDC9F9}.Release|Any CPU.Build.0 = Release|Any CPU
	EndGlobalSection
	GlobalSection(SolutionProperties) = preSolution
		HideSolutionNode = FALSE
	EndGlobalSection
	GlobalSection(ExtensibilityGlobals) = postSolution
		SolutionGuid = {84FF2175-E8C2-4FDB-9C31-6CF25ABE7E24}
	EndGlobalSection
EndGlobal
